
Microsoft Visual Studio Solution File, Format Version 12.00
# Visual Studio Version 17
VisualStudioVersion = 17.11.35312.102
MinimumVisualStudioVersion = 10.0.40219.1
Project("{FAE04EC0-301F-11D3-BF4B-00C04F79EFBC}") = "Week13Practice1_Dependency", "Week13Practice1_Dependency\Week13Practice1_Dependency.csproj", "{35410A3C-D12A-44C3-9A93-E21C6F4E401A}"
EndProject
Global
	GlobalSection(SolutionConfigurationPlatforms) = preSolution
		Debug|Any CPU = Debug|Any CPU
		Release|Any CPU = Release|Any CPU
	EndGlobalSection
	GlobalSection(ProjectConfigurationPlatforms) = postSolution
		{35410A3C-D12A-44C3-9A93-E21C6F4E401A}.Debug|Any CPU.ActiveCfg = Debug|Any CPU
		{35410A3C-D12A-44C3-9A93-E21C6F4E401A}.Debug|Any CPU.Build.0 = Debug|Any CPU
		{35410A3C-D12A-44C3-9A93-E21C6F4E401A}.Release|Any CPU.ActiveCfg = Release|Any CPU
		{35410A3C-D12A-44C3-9A93-E21C6F4E401A}.Release|Any CPU.Build.0 = Release|Any CPU
	EndGlobalSection
	GlobalSection(SolutionProperties) = preSolution
		HideSolutionNode = FALSE
	EndGlobalSection
	GlobalSection(ExtensibilityGlobals) = postSolution
		SolutionGuid = {5FC1A107-9D57-4B07-BD82-90EE2617D449}
	EndGlobalSection
EndGlobal
